github.com/google/go-cmp v0.6.0 h1:ofyhxvXcZhMsU5ulbFiLKl/XBFqE1GSq7atu8tAmTRI=
github.com/google/go-cmp v0.6.0/go.mod h1:17dUlkBOakJ0+DkrSSNjCkIjxS6bF9zb3elmeNGIjoY=
github.com/strick-j/smithy-go v0.0.0-20231208143501-ff373a6270cc h1:jo4JpR7BEXfg9PZGkRHRe4B/qymx615RRUErDr3jI/c=
github.com/strick-j/smithy-go v0.0.0-20231208143501-ff373a6270cc/go.mod h1:8K/V2oaYUa7UaM8X0LP7kearIyU5XNr9yRkylxyqyos=
